go.klarlabs.de/statekit v1.8.0 h1:bOTAuextbB46f2tzXs9zpZ5qdwLIzE1e8OE5eDPv6fM=
go.klarlabs.de/statekit v1.8.0/go.mod h1:ZYFkCAGSdRm/jx7QDvVqWsGwRZGc8ndhE7dk7NtsE7E=
go.klarlabs.de/statekit v1.9.0 h1:SQVszqTWSoREtviJQcHxI9PIRKdnCqcKh0JU8tcTFE0=
go.klarlabs.de/statekit v1.9.0/go.mod h1:ZYFkCAGSdRm/jx7QDvVqWsGwRZGc8ndhE7dk7NtsE7E=
go.uber.org/goleak v1.3.0 h1:2K3zAYmnTNqV73imy9J1T3WC+gmCePx2hEGkimedGto=
go.uber.org/goleak v1.3.0/go.mod h1:CoHD4mav9JJNrW/WLlf7HGZPjdw8EucARQHekz1X6bE=
